
Microsoft Visual Studio Solution File, Format Version 12.00
# Visual Studio Version 16
VisualStudioVersion = 16.0.30114.105
MinimumVisualStudioVersion = 10.0.40219.1
Project("{FAE04EC0-301F-11D3-BF4B-00C04F79EFBC}") = "aamva", "aamva\aamva.csproj", "{1C05A916-5494-4EB7-BAEC-DB694C35E2A9}"
EndProject
Project("{FAE04EC0-301F-11D3-BF4B-00C04F79EFBC}") = "aamva.Tests", "aamva.Tests\aamva.Tests.csproj", "{BE9B7EFB-186F-452A-B518-AEFB3E956872}"
EndProject
Global
	GlobalSection(SolutionConfigurationPlatforms) = preSolution
		Debug|Any CPU = Debug|Any CPU
		Release|Any CPU = Release|Any CPU
	EndGlobalSection
	GlobalSection(SolutionProperties) = preSolution
		HideSolutionNode = FALSE
	EndGlobalSection
	GlobalSection(ProjectConfigurationPlatforms) = postSolution
		{1C05A916-5494-4EB7-BAEC-DB694C35E2A9}.Debug|Any CPU.ActiveCfg = Debug|Any CPU
		{1C05A916-5494-4EB7-BAEC-DB694C35E2A9}.Debug|Any CPU.Build.0 = Debug|Any CPU
		{1C05A916-5494-4EB7-BAEC-DB694C35E2A9}.Release|Any CPU.ActiveCfg = Release|Any CPU
		{1C05A916-5494-4EB7-BAEC-DB694C35E2A9}.Release|Any CPU.Build.0 = Release|Any CPU
		{BE9B7EFB-186F-452A-B518-AEFB3E956872}.Debug|Any CPU.ActiveCfg = Debug|Any CPU
		{BE9B7EFB-186F-452A-B518-AEFB3E956872}.Debug|Any CPU.Build.0 = Debug|Any CPU
		{BE9B7EFB-186F-452A-B518-AEFB3E956872}.Release|Any CPU.ActiveCfg = Release|Any CPU
		{BE9B7EFB-186F-452A-B518-AEFB3E956872}.Release|Any CPU.Build.0 = Release|Any CPU
	EndGlobalSection
EndGlobal
